// !$*UTF8*$!
{
	archiveVersion = 1;
	classes = {
	};
	objectVersion = 55;
	objects = {

/* Begin PBXBuildFile section */
		96932656275233FE008E4D5C /* AppDelegate.swift in Sources */ = {isa = PBXBuildFile; fileRef = 96932655275233FE008E4D5C /* AppDelegate.swift */; };
		96932658275233FE008E4D5C /* SceneDelegate.swift in Sources */ = {isa = PBXBuildFile; fileRef = 96932657275233FE008E4D5C /* SceneDelegate.swift */; };
		9693265A275233FE008E4D5C /* ViewController.swift in Sources */ = {isa = PBXBuildFile; fileRef = 96932659275233FE008E4D5C /* ViewController.swift */; };
		9693265D275233FE008E4D5C /* Main.storyboard in Resources */ = {isa = PBXBuildFile; fileRef = 9693265B275233FE008E4D5C /* Main.storyboard */; };
		9693265F275233FF008E4D5C /* Assets.xcassets in Resources */ = {isa = PBXBuildFile; fileRef = 9693265E275233FF008E4D5C /* Assets.xcassets */; };
		96932662275233FF008E4D5C /* LaunchScreen.storyboard in Resources */ = {isa = PBXBuildFile; fileRef = 96932660275233FF008E4D5C /* LaunchScreen.storyboard */; };
		9693266D27523400008E4D5C /* Corona19ProjectTests.swift in Sources */ = {isa = PBXBuildFile; fileRef = 9693266C27523400008E4D5C /* Corona19ProjectTests.swift */; };
		9693267727523400008E4D5C /* Corona19ProjectUITests.swift in Sources */ = {isa = PBXBuildFile; fileRef = 9693267627523400008E4D5C /* Corona19ProjectUITests.swift */; };
		9693267927523400008E4D5C /* Corona19ProjectUITestsLaunchTests.swift in Sources */ = {isa = PBXBuildFile; fileRef = 9693267827523400008E4D5C /* Corona19ProjectUITestsLaunchTests.swift */; };
/* End PBXBuildFile section */

/* Begin PBXContainerItemProxy section */
		96932669275233FF008E4D5C /* PBXContainerItemProxy */ = {
			isa = PBXContainerItemProxy;
			containerPortal = 9693264A275233FD008E4D5C /* Project object */;
			proxyType = 1;
			remoteGlobalIDString = 96932651275233FE008E4D5C;
			remoteInfo = Corona19Project;
		};
		9693267327523400008E4D5C /* PBXContainerItemProxy */ = {
			isa = PBXContainerItemProxy;
			containerPortal = 9693264A275233FD008E4D5C /* Project object */;
			proxyType = 1;
			remoteGlobalIDString = 96932651275233FE008E4D5C;
			remoteInfo = Corona19Project;
		};
/* End PBXContainerItemProxy section */

/* Begin PBXFileReference section */
		96932652275233FE008E4D5C /* Corona19Project.app */ = {isa = PBXFileReference; explicitFileType = wrapper.application; includeInIndex = 0; path = Corona19Project.app; sourceTree = BUILT_PRODUCTS_DIR; };
		96932655275233FE008E4D5C /* AppDelegate.swift */ = {isa = PBXFileReference; lastKnownFileType = sourcecode.swift; path = AppDelegate.swift; sourceTree = "<group>"; };
		96932657275233FE008E4D5C /* SceneDelegate.swift */ = {isa = PBXFileReference; lastKnownFileType = sourcecode.swift; path = SceneDelegate.swift; sourceTree = "<group>"; };
		96932659275233FE008E4D5C /* ViewController.swift */ = {isa = PBXFileReference; lastKnownFileType = sourcecode.swift; path = ViewController.swift; sourceTree = "<group>"; };
		9693265C275233FE008E4D5C /* Base */ = {isa = PBXFileReference; lastKnownFileType = file.storyboard; name = Base; path = Base.lproj/Main.storyboard; sourceTree = "<group>"; };
		9693265E275233FF008E4D5C /* Assets.xcassets */ = {isa = PBXFileReference; lastKnownFileType = folder.assetcatalog; path = Assets.xcassets; sourceTree = "<group>"; };
		96932661275233FF008E4D5C /* Base */ = {isa = PBXFileReference; lastKnownFileType = file.storyboard; name = Base; path = Base.lproj/LaunchScreen.storyboard; sourceTree = "<group>"; };
		96932663275233FF008E4D5C /* Info.plist */ = {isa = PBXFileReference; lastKnownFileType = text.plist.xml; path = Info.plist; sourceTree = "<group>"; };
		96932668275233FF008E4D5C /* Corona19ProjectTests.xctest */ = {isa = PBXFileReference; explicitFileType = wrapper.cfbundle; includeInIndex = 0; path = Corona19ProjectTests.xctest; sourceTree = BUILT_PRODUCTS_DIR; };
		9693266C27523400008E4D5C /* Corona19ProjectTests.swift */ = {isa = PBXFileReference; lastKnownFileType = sourcecode.swift; path = Corona19ProjectTests.swift; sourceTree = "<group>"; };
		9693267227523400008E4D5C /* Corona19ProjectUITests.xctest */ = {isa = PBXFileReference; explicitFileType = wrapper.cfbundle; includeInIndex = 0; path = Corona19ProjectUITests.xctest; sourceTree = BUILT_PRODUCTS_DIR; };
		9693267627523400008E4D5C /* Corona19ProjectUITests.swift */ = {isa = PBXFileReference; lastKnownFileType = sourcecode.swift; path = Corona19ProjectUITests.swift; sourceTree = "<group>"; };
		9693267827523400008E4D5C /* Corona19ProjectUITestsLaunchTests.swift */ = {isa = PBXFileReference; lastKnownFileType = sourcecode.swift; path = Corona19ProjectUITestsLaunchTests.swift; sourceTree = "<group>"; };
/* End PBXFileReference section */

/* Begin PBXFrameworksBuildPhase section */
		9693264F275233FE008E4D5C /* Frameworks */ = {
			isa = PBXFrameworksBuildPhase;
			buildActionMask = 2147483647;
			files = (
			);
			runOnlyForDeploymentPostprocessing = 0;
		};
		96932665275233FF008E4D5C /* Frameworks */ = {
			isa = PBXFrameworksBuildPhase;
			buildActionMask = 2147483647;
			files = (
			);
			runOnlyForDeploymentPostprocessing = 0;
		};
		9693266F27523400008E4D5C /* Frameworks */ = {
			isa = PBXFrameworksBuildPhase;
			buildActionMask = 2147483647;
			files = (
			);
			runOnlyForDeploymentPostprocessing = 0;
		};
/* End PBXFrameworksBuildPhase section */

/* Begin PBXGroup section */
		96932649275233FD008E4D5C = {
			isa = PBXGroup;
			children = (
				96932654275233FE008E4D5C /* Corona19Project */,
				9693266B27523400008E4D5C /* Corona19ProjectTests */,
				9693267527523400008E4D5C /* Corona19ProjectUITests */,
				96932653275233FE008E4D5C /* Products */,
			);
			sourceTree = "<group>";
		};
		96932653275233FE008E4D5C /* Products */ = {
			isa = PBXGroup;
			children = (
				96932652275233FE008E4D5C /* Corona19Project.app */,
				96932668275233FF008E4D5C /* Corona19ProjectTests.xctest */,
				9693267227523400008E4D5C /* Corona19ProjectUITests.xctest */,
			);
			name = Products;
			sourceTree = "<group>";
		};
		96932654275233FE008E4D5C /* Corona19Project */ = {
			isa = PBXGroup;
			children = (
				96932655275233FE008E4D5C /* AppDelegate.swift */,
				96932657275233FE008E4D5C /* SceneDelegate.swift */,
				96932659275233FE008E4D5C /* ViewController.swift */,
				9693265B275233FE008E4D5C /* Main.storyboard */,
				9693265E275233FF008E4D5C /* Assets.xcassets */,
				96932660275233FF008E4D5C /* LaunchScreen.storyboard */,
				96932663275233FF008E4D5C /* Info.plist */,
			);
			path = Corona19Project;
			sourceTree = "<group>";
		};
		9693266B27523400008E4D5C /* Corona19ProjectTests */ = {
			isa = PBXGroup;
			children = (
				9693266C27523400008E4D5C /* Corona19ProjectTests.swift */,
			);
			path = Corona19ProjectTests;
			sourceTree = "<group>";
		};
		9693267527523400008E4D5C /* Corona19ProjectUITests */ = {
			isa = PBXGroup;
			children = (
				9693267627523400008E4D5C /* Corona19ProjectUITests.swift */,
				9693267827523400008E4D5C /* Corona19ProjectUITestsLaunchTests.swift */,
			);
			path = Corona19ProjectUITests;
			sourceTree = "<group>";
		};
/* End PBXGroup section */

/* Begin PBXNativeTarget section */
		96932651275233FE008E4D5C /* Corona19Project */ = {
			isa = PBXNativeTarget;
			buildConfigurationList = 9693267C27523400008E4D5C /* Build configuration list for PBXNativeTarget "Corona19Project" */;
			buildPhases = (
				9693264E275233FE008E4D5C /* Sources */,
				9693264F275233FE008E4D5C /* Frameworks */,
				96932650275233FE008E4D5C /* Resources */,
			);
			buildRules = (
			);
			dependencies = (
			);
			name = Corona19Project;
			productName = Corona19Project;
			productReference = 96932652275233FE008E4D5C /* Corona19Project.app */;
			productType = "com.apple.product-type.application";
		};
		96932667275233FF008E4D5C /* Corona19ProjectTests */ = {
			isa = PBXNativeTarget;
			buildConfigurationList = 9693267F27523400008E4D5C /* Build configuration list for PBXNativeTarget "Corona19ProjectTests" */;
			buildPhases = (
				96932664275233FF008E4D5C /* Sources */,
				96932665275233FF008E4D5C /* Frameworks */,
				96932666275233FF008E4D5C /* Resources */,
			);
			buildRules = (
			);
			dependencies = (
				9693266A275233FF008E4D5C /* PBXTargetDependency */,
			);
			name = Corona19ProjectTests;
			productName = Corona19ProjectTests;
			productReference = 96932668275233FF008E4D5C /* Corona19ProjectTests.xctest */;
			productType = "com.apple.product-type.bundle.unit-test";
		};
		9693267127523400008E4D5C /* Corona19ProjectUITests */ = {
			isa = PBXNativeTarget;
			buildConfigurationList = 9693268227523400008E4D5C /* Build configuration list for PBXNativeTarget "Corona19ProjectUITests" */;
			buildPhases = (
				9693266E27523400008E4D5C /* Sources */,
				9693266F27523400008E4D5C /* Frameworks */,
				9693267027523400008E4D5C /* Resources */,
			);
			buildRules = (
			);
			dependencies = (
				9693267427523400008E4D5C /* PBXTargetDependency */,
			);
			name = Corona19ProjectUITests;
			productName = Corona19ProjectUITests;
			productReference = 9693267227523400008E4D5C /* Corona19ProjectUITests.xctest */;
			productType = "com.apple.product-type.bundle.ui-testing";
		};
/* End PBXNativeTarget section */

/* Begin PBXProject section */
		9693264A275233FD008E4D5C /* Project object */ = {
			isa = PBXProject;
			attributes = {
				BuildIndependentTargetsInParallel = 1;
				LastSwiftUpdateCheck = 1300;
				LastUpgradeCheck = 1300;
				TargetAttributes = {
					96932651275233FE008E4D5C = {
						CreatedOnToolsVersion = 13.0;
					};
					96932667275233FF008E4D5C = {
						CreatedOnToolsVersion = 13.0;
						TestTargetID = 96932651275233FE008E4D5C;
					};
					9693267127523400008E4D5C = {
						CreatedOnToolsVersion = 13.0;
						TestTargetID = 96932651275233FE008E4D5C;
					};
				};
			};
			buildConfigurationList = 9693264D275233FD008E4D5C /* Build configuration list for PBXProject "Corona19Project" */;
			compatibilityVersion = "Xcode 13.0";
			developmentRegion = en;
			hasScannedForEncodings = 0;
			knownRegions = (
				en,
				Base,
			);
			mainGroup = 96932649275233FD008E4D5C;
			productRefGroup = 96932653275233FE008E4D5C /* Products */;
			projectDirPath = "";
			projectRoot = "";
			targets = (
				96932651275233FE008E4D5C /* Corona19Project */,
				96932667275233FF008E4D5C /* Corona19ProjectTests */,
				9693267127523400008E4D5C /* Corona19ProjectUITests */,
			);
		};
/* End PBXProject section */

/* Begin PBXResourcesBuildPhase section */
		96932650275233FE008E4D5C /* Resources */ = {
			isa = PBXResourcesBuildPhase;
			buildActionMask = 2147483647;
			files = (
				96932662275233FF008E4D5C /* LaunchScreen.storyboard in Resources */,
				9693265F275233FF008E4D5C /* Assets.xcassets in Resources */,
				9693265D275233FE008E4D5C /* Main.storyboard in Resources */,
			);
			runOnlyForDeploymentPostprocessing = 0;
		};
		96932666275233FF008E4D5C /* Resources */ = {
			isa = PBXResourcesBuildPhase;
			buildActionMask = 2147483647;
			files = (
			);
			runOnlyForDeploymentPostprocessing = 0;
		};
		9693267027523400008E4D5C /* Resources */ = {
			isa = PBXResourcesBuildPhase;
			buildActionMask = 2147483647;
			files = (
			);
			runOnlyForDeploymentPostprocessing = 0;
		};
/* End PBXResourcesBuildPhase section */

/* Begin PBXSourcesBuildPhase section */
		9693264E275233FE008E4D5C /* Sources */ = {
			isa = PBXSourcesBuildPhase;
			buildActionMask = 2147483647;
			files = (
				9693265A275233FE008E4D5C /* ViewController.swift in Sources */,
				96932656275233FE008E4D5C /* AppDelegate.swift in Sources */,
				96932658275233FE008E4D5C /* SceneDelegate.swift in Sources */,
			);
			runOnlyForDeploymentPostprocessing = 0;
		};
		96932664275233FF008E4D5C /* Sources */ = {
			isa = PBXSourcesBuildPhase;
			buildActionMask = 2147483647;
			files = (
				9693266D27523400008E4D5C /* Corona19ProjectTests.swift in Sources */,
			);
			runOnlyForDeploymentPostprocessing = 0;
		};
		9693266E27523400008E4D5C /* Sources */ = {
			isa = PBXSourcesBuildPhase;
			buildActionMask = 2147483647;
			files = (
				9693267927523400008E4D5C /* Corona19ProjectUITestsLaunchTests.swift in Sources */,
				9693267727523400008E4D5C /* Corona19ProjectUITests.swift in Sources */,
			);
			runOnlyForDeploymentPostprocessing = 0;
		};
/* End PBXSourcesBuildPhase section */

/* Begin PBXTargetDependency section */
		9693266A275233FF008E4D5C /* PBXTargetDependency */ = {
			isa = PBXTargetDependency;
			target = 96932651275233FE008E4D5C /* Corona19Project */;
			targetProxy = 96932669275233FF008E4D5C /* PBXContainerItemProxy */;
		};
		9693267427523400008E4D5C /* PBXTargetDependency */ = {
			isa = PBXTargetDependency;
			target = 96932651275233FE008E4D5C /* Corona19Project */;
			targetProxy = 9693267327523400008E4D5C /* PBXContainerItemProxy */;
		};
/* End PBXTargetDependency section */

/* Begin PBXVariantGroup section */
		9693265B275233FE008E4D5C /* Main.storyboard */ = {
			isa = PBXVariantGroup;
			children = (
				9693265C275233FE008E4D5C /* Base */,
			);
			name = Main.storyboard;
			sourceTree = "<group>";
		};
		96932660275233FF008E4D5C /* LaunchScreen.storyboard */ = {
			isa = PBXVariantGroup;
			children = (
				96932661275233FF008E4D5C /* Base */,
			);
			name = LaunchScreen.storyboard;
			sourceTree = "<group>";
		};
/* End PBXVariantGroup section */

/* Begin XCBuildConfiguration section */
		9693267A27523400008E4D5C /* Debug */ = {
			isa = XCBuildConfiguration;
			buildSettings = {
				ALWAYS_SEARCH_USER_PATHS = NO;
				CLANG_ANALYZER_NONNULL = YES;
				CLANG_ANALYZER_NUMBER_OBJECT_CONVERSION = YES_AGGRESSIVE;
				CLANG_CXX_LANGUAGE_STANDARD = "gnu++17";
				CLANG_CXX_LIBRARY = "libc++";
				CLANG_ENABLE_MODULES = YES;
				CLANG_ENABLE_OBJC_ARC = YES;
				CLANG_ENABLE_OBJC_WEAK = YES;
				CLANG_WARN_BLOCK_CAPTURE_AUTORELEASING = YES;
				CLANG_WARN_BOOL_CONVERSION = YES;
				CLANG_WARN_COMMA = YES;
				CLANG_WARN_CONSTANT_CONVERSION = YES;
				CLANG_WARN_DEPRECATED_OBJC_IMPLEMENTATIONS = YES;
				CLANG_WARN_DIRECT_OBJC_ISA_USAGE = YES_ERROR;
				CLANG_WARN_DOCUMENTATION_COMMENTS = YES;
				CLANG_WARN_EMPTY_BODY = YES;
				CLANG_WARN_ENUM_CONVERSION = YES;
				CLANG_WARN_INFINITE_RECURSION = YES;
				CLANG_WARN_INT_CONVERSION = YES;
				CLANG_WARN_NON_LITERAL_NULL_CONVERSION = YES;
				CLANG_WARN_OBJC_IMPLICIT_RETAIN_SELF = YES;
				CLANG_WARN_OBJC_LITERAL_CONVERSION = YES;
				CLANG_WARN_OBJC_ROOT_CLASS = YES_ERROR;
				CLANG_WARN_QUOTED_INCLUDE_IN_FRAMEWORK_HEADER = YES;
				CLANG_WARN_RANGE_LOOP_ANALYSIS = YES;
				CLANG_WARN_STRICT_PROTOTYPES = YES;
				CLANG_WARN_SUSPICIOUS_MOVE = YES;
				CLANG_WARN_UNGUARDED_AVAILABILITY = YES_AGGRESSIVE;
				CLANG_WARN_UNREACHABLE_CODE = YES;
				CLANG_WARN__DUPLICATE_METHOD_MATCH = YES;
				COPY_PHASE_STRIP = NO;
				DEBUG_INFORMATION_FORMAT = dwarf;
				ENABLE_STRICT_OBJC_MSGSEND = YES;
				ENABLE_TESTABILITY = YES;
				GCC_C_LANGUAGE_STANDARD = gnu11;
				GCC_DYNAMIC_NO_PIC = NO;
				GCC_NO_COMMON_BLOCKS = YES;
				GCC_OPTIMIZATION_LEVEL = 0;
				GCC_PREPROCESSOR_DEFINITIONS = (
					"DEBUG=1",
					"$(inherited)",
				);
				GCC_WARN_64_TO_32_BIT_CONVERSION = YES;
				GCC_WARN_ABOUT_RETURN_TYPE = YES_ERROR;
				GCC_WARN_UNDECLARED_SELECTOR = YES;
				GCC_WARN_UNINITIALIZED_AUTOS = YES_AGGRESSIVE;
				GCC_WARN_UNUSED_FUNCTION = YES;
				GCC_WARN_UNUSED_VARIABLE = YES;
				IPHONEOS_DEPLOYMENT_TARGET = 15.0;
				MTL_ENABLE_DEBUG_INFO = INCLUDE_SOURCE;
				MTL_FAST_MATH = YES;
				ONLY_ACTIVE_ARCH = YES;
				SDKROOT = iphoneos;
				SWIFT_ACTIVE_COMPILATION_CONDITIONS = DEBUG;
				SWIFT_OPTIMIZATION_LEVEL = "-Onone";
			};
			name = Debug;
		};
		9693267B27523400008E4D5C /* Release */ = {
			isa = XCBuildConfiguration;
			buildSettings = {
				ALWAYS_SEARCH_USER_PATHS = NO;
				CLANG_ANALYZER_NONNULL = YES;
				CLANG_ANALYZER_NUMBER_OBJECT_CONVERSION = YES_AGGRESSIVE;
				CLANG_CXX_LANGUAGE_STANDARD = "gnu++17";
				CLANG_CXX_LIBRARY = "libc++";
				CLANG_ENABLE_MODULES = YES;
				CLANG_ENABLE_OBJC_ARC = YES;
				CLANG_ENABLE_OBJC_WEAK = YES;
				CLANG_WARN_BLOCK_CAPTURE_AUTORELEASING = YES;
				CLANG_WARN_BOOL_CONVERSION = YES;
				CLANG_WARN_COMMA = YES;
				CLANG_WARN_CONSTANT_CONVERSION = YES;
				CLANG_WARN_DEPRECATED_OBJC_IMPLEMENTATIONS = YES;
				CLANG_WARN_DIRECT_OBJC_ISA_USAGE = YES_ERROR;
				CLANG_WARN_DOCUMENTATION_COMMENTS = YES;
				CLANG_WARN_EMPTY_BODY = YES;
				CLANG_WARN_ENUM_CONVERSION = YES;
				CLANG_WARN_INFINITE_RECURSION = YES;
				CLANG_WARN_INT_CONVERSION = YES;
				CLANG_WARN_NON_LITERAL_NULL_CONVERSION = YES;
				CLANG_WARN_OBJC_IMPLICIT_RETAIN_SELF = YES;
				CLANG_WARN_OBJC_LITERAL_CONVERSION = YES;
				CLANG_WARN_OBJC_ROOT_CLASS = YES_ERROR;
				CLANG_WARN_QUOTED_INCLUDE_IN_FRAMEWORK_HEADER = YES;
				CLANG_WARN_RANGE_LOOP_ANALYSIS = YES;
				CLANG_WARN_STRICT_PROTOTYPES = YES;
				CLANG_WARN_SUSPICIOUS_MOVE = YES;
				CLANG_WARN_UNGUARDED_AVAILABILITY = YES_AGGRESSIVE;
				CLANG_WARN_UNREACHABLE_CODE = YES;
				CLANG_WARN__DUPLICATE_METHOD_MATCH = YES;
				COPY_PHASE_STRIP = NO;
				DEBUG_INFORMATION_FORMAT = "dwarf-with-dsym";
				ENABLE_NS_ASSERTIONS = NO;
				ENABLE_STRICT_OBJC_MSGSEND = YES;
				GCC_C_LANGUAGE_STANDARD = gnu11;
				GCC_NO_COMMON_BLOCKS = YES;
				GCC_WARN_64_TO_32_BIT_CONVERSION = YES;
				GCC_WARN_ABOUT_RETURN_TYPE = YES_ERROR;
				GCC_WARN_UNDECLARED_SELECTOR = YES;
				GCC_WARN_UNINITIALIZED_AUTOS = YES_AGGRESSIVE;
				GCC_WARN_UNUSED_FUNCTION = YES;
				GCC_WARN_UNUSED_VARIABLE = YES;
				IPHONEOS_DEPLOYMENT_TARGET = 15.0;
				MTL_ENABLE_DEBUG_INFO = NO;
				MTL_FAST_MATH = YES;
				SDKROOT = iphoneos;
				SWIFT_COMPILATION_MODE = wholemodule;
				SWIFT_OPTIMIZATION_LEVEL = "-O";
				VALIDATE_PRODUCT = YES;
			};
			name = Release;
		};
		9693267D27523400008E4D5C /* Debug */ = {
			isa = XCBuildConfiguration;
			buildSettings = {
				ASSETCATALOG_COMPILER_APPICON_NAME = AppIcon;
				ASSETCATALOG_COMPILER_GLOBAL_ACCENT_COLOR_NAME = AccentColor;
				CODE_SIGN_STYLE = Automatic;
				CURRENT_PROJECT_VERSION = 1;
				DEVELOPMENT_TEAM = 2JZ8QNS5D4;
				GENERATE_INFOPLIST_FILE = YES;
				INFOPLIST_FILE = Corona19Project/Info.plist;
				INFOPLIST_KEY_UIApplicationSupportsIndirectInputEvents = YES;
				INFOPLIST_KEY_UILaunchStoryboardName = LaunchScreen;
				INFOPLIST_KEY_UIMainStoryboardFile = Main;
				INFOPLIST_KEY_UISupportedInterfaceOrientations_iPad = "UIInterfaceOrientationPortrait UIInterfaceOrientationPortraitUpsideDown UIInterfaceOrientationLandscapeLeft UIInterfaceOrientationLandscapeRight";
				INFOPLIST_KEY_UISupportedInterfaceOrientations_iPhone = "UIInterfaceOrientationPortrait UIInterfaceOrientationLandscapeLeft UIInterfaceOrientationLandscapeRight";
				LD_RUNPATH_SEARCH_PATHS = (
					"$(inherited)",
					"@executable_path/Frameworks",
				);
				MARKETING_VERSION = 1.0;
				PRODUCT_BUNDLE_IDENTIFIER = bage.Corona19Project;
				PRODUCT_NAME = "$(TARGET_NAME)";
				SWIFT_EMIT_LOC_STRINGS = YES;
				SWIFT_VERSION = 5.0;
				TARGETED_DEVICE_FAMILY = "1,2";
			};
			name = Debug;
		};
		9693267E27523400008E4D5C /* Release */ = {
			isa = XCBuildConfiguration;
			buildSettings = {
				ASSETCATALOG_COMPILER_APPICON_NAME = AppIcon;
				ASSETCATALOG_COMPILER_GLOBAL_ACCENT_COLOR_NAME = AccentColor;
				CODE_SIGN_STYLE = Automatic;
				CURRENT_PROJECT_VERSION = 1;
				DEVELOPMENT_TEAM = 2JZ8QNS5D4;
				GENERATE_INFOPLIST_FILE = YES;
				INFOPLIST_FILE = Corona19Project/Info.plist;
				INFOPLIST_KEY_UIApplicationSupportsIndirectInputEvents = YES;
				INFOPLIST_KEY_UILaunchStoryboardName = LaunchScreen;
				INFOPLIST_KEY_UIMainStoryboardFile = Main;
				INFOPLIST_KEY_UISupportedInterfaceOrientations_iPad = "UIInterfaceOrientationPortrait UIInterfaceOrientationPortraitUpsideDown UIInterfaceOrientationLandscapeLeft UIInterfaceOrientationLandscapeRight";
				INFOPLIST_KEY_UISupportedInterfaceOrientations_iPhone = "UIInterfaceOrientationPortrait UIInterfaceOrientationLandscapeLeft UIInterfaceOrientationLandscapeRight";
				LD_RUNPATH_SEARCH_PATHS = (
					"$(inherited)",
					"@executable_path/Frameworks",
				);
				MARKETING_VERSION = 1.0;
				PRODUCT_BUNDLE_IDENTIFIER = bage.Corona19Project;
				PRODUCT_NAME = "$(TARGET_NAME)";
				SWIFT_EMIT_LOC_STRINGS = YES;
				SWIFT_VERSION = 5.0;
				TARGETED_DEVICE_FAMILY = "1,2";
			};
			name = Release;
		};
		9693268027523400008E4D5C /* Debug */ = {
			isa = XCBuildConfiguration;
			buildSettings = {
				ALWAYS_EMBED_SWIFT_STANDARD_LIBRARIES = YES;
				BUNDLE_LOADER = "$(TEST_HOST)";
				CODE_SIGN_STYLE = Automatic;
				CURRENT_PROJECT_VERSION = 1;
				DEVELOPMENT_TEAM = 2JZ8QNS5D4;
				GENERATE_INFOPLIST_FILE = YES;
				IPHONEOS_DEPLOYMENT_TARGET = 15.0;
				LD_RUNPATH_SEARCH_PATHS = (
					"$(inherited)",
					"@executable_path/Frameworks",
					"@loader_path/Frameworks",
				);
				MARKETING_VERSION = 1.0;
				PRODUCT_BUNDLE_IDENTIFIER = bage.Corona19ProjectTests;
				PRODUCT_NAME = "$(TARGET_NAME)";
				SWIFT_EMIT_LOC_STRINGS = NO;
				SWIFT_VERSION = 5.0;
				TARGETED_DEVICE_FAMILY = "1,2";
				TEST_HOST = "$(BUILT_PRODUCTS_DIR)/Corona19Project.app/Corona19Project";
			};
			name = Debug;
		};
		9693268127523400008E4D5C /* Release */ = {
			isa = XCBuildConfiguration;
			buildSettings = {
				ALWAYS_EMBED_SWIFT_STANDARD_LIBRARIES = YES;
				BUNDLE_LOADER = "$(TEST_HOST)";
				CODE_SIGN_STYLE = Automatic;
				CURRENT_PROJECT_VERSION = 1;
				DEVELOPMENT_TEAM = 2JZ8QNS5D4;
				GENERATE_INFOPLIST_FILE = YES;
				IPHONEOS_DEPLOYMENT_TARGET = 15.0;
				LD_RUNPATH_SEARCH_PATHS = (
					"$(inherited)",
					"@executable_path/Frameworks",
					"@loader_path/Frameworks",
				);
				MARKETING_VERSION = 1.0;
				PRODUCT_BUNDLE_IDENTIFIER = bage.Corona19ProjectTests;
				PRODUCT_NAME = "$(TARGET_NAME)";
				SWIFT_EMIT_LOC_STRINGS = NO;
				SWIFT_VERSION = 5.0;
				TARGETED_DEVICE_FAMILY = "1,2";
				TEST_HOST = "$(BUILT_PRODUCTS_DIR)/Corona19Project.app/Corona19Project";
			};
			name = Release;
		};
		9693268327523400008E4D5C /* Debug */ = {
			isa = XCBuildConfiguration;
			buildSettings = {
				ALWAYS_EMBED_SWIFT_STANDARD_LIBRARIES = YES;
				CODE_SIGN_STYLE = Automatic;
				CURRENT_PROJECT_VERSION = 1;
				DEVELOPMENT_TEAM = 2JZ8QNS5D4;
				GENERATE_INFOPLIST_FILE = YES;
				LD_RUNPATH_SEARCH_PATHS = (
					"$(inherited)",
					"@executable_path/Frameworks",
					"@loader_path/Frameworks",
				);
				MARKETING_VERSION = 1.0;
				PRODUCT_BUNDLE_IDENTIFIER = bage.Corona19ProjectUITests;
				PRODUCT_NAME = "$(TARGET_NAME)";
				SWIFT_EMIT_LOC_STRINGS = NO;
				SWIFT_VERSION = 5.0;
				TARGETED_DEVICE_FAMILY = "1,2";
				TEST_TARGET_NAME = Corona19Project;
			};
			name = Debug;
		};
		9693268427523400008E4D5C /* Release */ = {
			isa = XCBuildConfiguration;
			buildSettings = {
				ALWAYS_EMBED_SWIFT_STANDARD_LIBRARIES = YES;
				CODE_SIGN_STYLE = Automatic;
				CURRENT_PROJECT_VERSION = 1;
				DEVELOPMENT_TEAM = 2JZ8QNS5D4;
				GENERATE_INFOPLIST_FILE = YES;
				LD_RUNPATH_SEARCH_PATHS = (
					"$(inherited)",
					"@executable_path/Frameworks",
					"@loader_path/Frameworks",
				);
				MARKETING_VERSION = 1.0;
				PRODUCT_BUNDLE_IDENTIFIER = bage.Corona19ProjectUITests;
				PRODUCT_NAME = "$(TARGET_NAME)";
				SWIFT_EMIT_LOC_STRINGS = NO;
				SWIFT_VERSION = 5.0;
				TARGETED_DEVICE_FAMILY = "1,2";
				TEST_TARGET_NAME = Corona19Project;
			};
			name = Release;
		};
/* End XCBuildConfiguration section */

/* Begin XCConfigurationList section */
		9693264D275233FD008E4D5C /* Build configuration list for PBXProject "Corona19Project" */ = {
			isa = XCConfigurationList;
			buildConfigurations = (
				9693267A27523400008E4D5C /* Debug */,
				9693267B27523400008E4D5C /* Release */,
			);
			defaultConfigurationIsVisible = 0;
			defaultConfigurationName = Release;
		};
		9693267C27523400008E4D5C /* Build configuration list for PBXNativeTarget "Corona19Project" */ = {
			isa = XCConfigurationList;
			buildConfigurations = (
				9693267D27523400008E4D5C /* Debug */,
				9693267E27523400008E4D5C /* Release */,
			);
			defaultConfigurationIsVisible = 0;
			defaultConfigurationName = Release;
		};
		9693267F27523400008E4D5C /* Build configuration list for PBXNativeTarget "Corona19ProjectTests" */ = {
			isa = XCConfigurationList;
			buildConfigurations = (
				9693268027523400008E4D5C /* Debug */,
				9693268127523400008E4D5C /* Release */,
			);
			defaultConfigurationIsVisible = 0;
			defaultConfigurationName = Release;
		};
		9693268227523400008E4D5C /* Build configuration list for PBXNativeTarget "Corona19ProjectUITests" */ = {
			isa = XCConfigurationList;
			buildConfigurations = (
				9693268327523400008E4D5C /* Debug */,
				9693268427523400008E4D5C /* Release */,
			);
			defaultConfigurationIsVisible = 0;
			defaultConfigurationName = Release;
		};
/* End XCConfigurationList section */
	};
	rootObject = 9693264A275233FD008E4D5C /* Project object */;
}
